// !$*UTF8*$!
{
	archiveVersion = 1;
	classes = {
	};
	objectVersion = 56;
	objects = {

/* Begin PBXBuildFile section */
		4F11FEBD2C259DB50016D5CB /* DogsBreedDetailModel.swift in Sources */ = {isa = PBXBuildFile; fileRef = 4F11FEBC2C259DB50016D5CB /* DogsBreedDetailModel.swift */; };
		4F11FEBF2C259DCA0016D5CB /* DogsBreedDetailService.swift in Sources */ = {isa = PBXBuildFile; fileRef = 4F11FEBE2C259DCA0016D5CB /* DogsBreedDetailService.swift */; };
		4F11FEC12C259DDB0016D5CB /* DogsBreedDetailProtocol.swift in Sources */ = {isa = PBXBuildFile; fileRef = 4F11FEC02C259DDB0016D5CB /* DogsBreedDetailProtocol.swift */; };
		4F11FEC32C259DF80016D5CB /* DogsBreedDetailVC.swift in Sources */ = {isa = PBXBuildFile; fileRef = 4F11FEC22C259DF80016D5CB /* DogsBreedDetailVC.swift */; };
		4F11FEC52C259E170016D5CB /* DogsBreedDetailViewModel.swift in Sources */ = {isa = PBXBuildFile; fileRef = 4F11FEC42C259E160016D5CB /* DogsBreedDetailViewModel.swift */; };
		4F11FECA2C25A7280016D5CB /* DogImageCollectionViewCell.swift in Sources */ = {isa = PBXBuildFile; fileRef = 4F11FEC82C25A7280016D5CB /* DogImageCollectionViewCell.swift */; };
		4F11FECB2C25A7280016D5CB /* DogImageCollectionViewCell.xib in Resources */ = {isa = PBXBuildFile; fileRef = 4F11FEC92C25A7280016D5CB /* DogImageCollectionViewCell.xib */; };
		4F24A2A22C255A6400B177AB /* AppDelegate.swift in Sources */ = {isa = PBXBuildFile; fileRef = 4F24A2A12C255A6400B177AB /* AppDelegate.swift */; };
		4F24A2A92C255A6400B177AB /* Main.storyboard in Resources */ = {isa = PBXBuildFile; fileRef = 4F24A2A72C255A6400B177AB /* Main.storyboard */; };
		4F24A2AB2C255A6500B177AB /* Assets.xcassets in Resources */ = {isa = PBXBuildFile; fileRef = 4F24A2AA2C255A6500B177AB /* Assets.xcassets */; };
		4F24A2AE2C255A6500B177AB /* LaunchScreen.storyboard in Resources */ = {isa = PBXBuildFile; fileRef = 4F24A2AC2C255A6500B177AB /* LaunchScreen.storyboard */; };
		4F24A2B92C255A6500B177AB /* OpenAssignmentOxinusTests.swift in Sources */ = {isa = PBXBuildFile; fileRef = 4F24A2B82C255A6500B177AB /* OpenAssignmentOxinusTests.swift */; };
		4F24A2C32C255A6500B177AB /* OpenAssignmentOxinusUITests.swift in Sources */ = {isa = PBXBuildFile; fileRef = 4F24A2C22C255A6500B177AB /* OpenAssignmentOxinusUITests.swift */; };
		4F24A2C52C255A6500B177AB /* OpenAssignmentOxinusUITestsLaunchTests.swift in Sources */ = {isa = PBXBuildFile; fileRef = 4F24A2C42C255A6500B177AB /* OpenAssignmentOxinusUITestsLaunchTests.swift */; };
		4F4591EA2C295C010014DEEA /* FavoriteVC.swift in Sources */ = {isa = PBXBuildFile; fileRef = 4F4591E92C295C010014DEEA /* FavoriteVC.swift */; };
		4F4591EC2C2974400014DEEA /* FavoriteClass.swift in Sources */ = {isa = PBXBuildFile; fileRef = 4F4591EB2C2974400014DEEA /* FavoriteClass.swift */; };
		4F4591EF2C299A0E0014DEEA /* Alert.swift in Sources */ = {isa = PBXBuildFile; fileRef = 4F4591EE2C299A0E0014DEEA /* Alert.swift */; };
		4F4591F12C299AC40014DEEA /* AppStrings.swift in Sources */ = {isa = PBXBuildFile; fileRef = 4F4591F02C299AC40014DEEA /* AppStrings.swift */; };
		4F4591F32C299E310014DEEA /* UIColor+Additions.swift in Sources */ = {isa = PBXBuildFile; fileRef = 4F4591F22C299E310014DEEA /* UIColor+Additions.swift */; };
		4FAB1FF32C255C2400A71062 /* APIManager.swift in Sources */ = {isa = PBXBuildFile; fileRef = 4FAB1FF12C255C2400A71062 /* APIManager.swift */; };
		4FAB1FF42C255C2400A71062 /* Reach.swift in Sources */ = {isa = PBXBuildFile; fileRef = 4FAB1FF22C255C2400A71062 /* Reach.swift */; };
		4FAB1FF92C255D3400A71062 /* DogsBreedModel.swift in Sources */ = {isa = PBXBuildFile; fileRef = 4FAB1FF82C255D3400A71062 /* DogsBreedModel.swift */; };
		4FAB1FFB2C255D4F00A71062 /* DogsBreedService.swift in Sources */ = {isa = PBXBuildFile; fileRef = 4FAB1FFA2C255D4F00A71062 /* DogsBreedService.swift */; };
		4FAB1FFD2C255D6900A71062 /* DogsBreedProtocol.swift in Sources */ = {isa = PBXBuildFile; fileRef = 4FAB1FFC2C255D6900A71062 /* DogsBreedProtocol.swift */; };
		4FAB1FFF2C255D8100A71062 /* DogsBreedVC.swift in Sources */ = {isa = PBXBuildFile; fileRef = 4FAB1FFE2C255D8100A71062 /* DogsBreedVC.swift */; };
		4FAB20012C255D9700A71062 /* DogsBreedViewModel.swift in Sources */ = {isa = PBXBuildFile; fileRef = 4FAB20002C255D9700A71062 /* DogsBreedViewModel.swift */; };
		4FAB20052C25610D00A71062 /* Constants.swift in Sources */ = {isa = PBXBuildFile; fileRef = 4FAB20042C25610D00A71062 /* Constants.swift */; };
		4FAB200D2C25677E00A71062 /* DogsBreedCategoryCell.swift in Sources */ = {isa = PBXBuildFile; fileRef = 4FAB200B2C25677E00A71062 /* DogsBreedCategoryCell.swift */; };
		4FAB200E2C25677E00A71062 /* DogsBreedCategoryCell.xib in Resources */ = {isa = PBXBuildFile; fileRef = 4FAB200C2C25677E00A71062 /* DogsBreedCategoryCell.xib */; };
		4FAB20112C2567AA00A71062 /* DogsBreedSubCategoryCell.swift in Sources */ = {isa = PBXBuildFile; fileRef = 4FAB200F2C2567AA00A71062 /* DogsBreedSubCategoryCell.swift */; };
		4FAB20122C2567AA00A71062 /* DogsBreedSubCategoryCell.xib in Resources */ = {isa = PBXBuildFile; fileRef = 4FAB20102C2567AA00A71062 /* DogsBreedSubCategoryCell.xib */; };
		4FAB20142C256A6D00A71062 /* APIError.swift in Sources */ = {isa = PBXBuildFile; fileRef = 4FAB20132C256A6D00A71062 /* APIError.swift */; };
		5600E75DC6C9C531B2B38EAC /* Pods_OpenAssignmentOxinus.framework in Frameworks */ = {isa = PBXBuildFile; fileRef = 814552547B05F39D7B3E7816 /* Pods_OpenAssignmentOxinus.framework */; };
		F7EE665D33D71450D56A8ECC /* Pods_OpenAssignmentOxinus_OpenAssignmentOxinusUITests.framework in Frameworks */ = {isa = PBXBuildFile; fileRef = B3DE4BF2960000F172F589AF /* Pods_OpenAssignmentOxinus_OpenAssignmentOxinusUITests.framework */; };
		F86D35288BA6ACAB39A6EB87 /* Pods_OpenAssignmentOxinusTests.framework in Frameworks */ = {isa = PBXBuildFile; fileRef = EDBD8840514D541D38CB845F /* Pods_OpenAssignmentOxinusTests.framework */; };
/* End PBXBuildFile section */

/* Begin PBXContainerItemProxy section */
		4F24A2B52C255A6500B177AB /* PBXContainerItemProxy */ = {
			isa = PBXContainerItemProxy;
			containerPortal = 4F24A2962C255A6400B177AB /* Project object */;
			proxyType = 1;
			remoteGlobalIDString = 4F24A29D2C255A6400B177AB;
			remoteInfo = OpenAssignmentOxinus;
		};
		4F24A2BF2C255A6500B177AB /* PBXContainerItemProxy */ = {
			isa = PBXContainerItemProxy;
			containerPortal = 4F24A2962C255A6400B177AB /* Project object */;
			proxyType = 1;
			remoteGlobalIDString = 4F24A29D2C255A6400B177AB;
			remoteInfo = OpenAssignmentOxinus;
		};
/* End PBXContainerItemProxy section */

/* Begin PBXFileReference section */
		46CDBF57F80B1C24ABAB340D /* Pods-OpenAssignmentOxinusTests.debug.xcconfig */ = {isa = PBXFileReference; includeInIndex = 1; lastKnownFileType = text.xcconfig; name = "Pods-OpenAssignmentOxinusTests.debug.xcconfig"; path = "Target Support Files/Pods-OpenAssignmentOxinusTests/Pods-OpenAssignmentOxinusTests.debug.xcconfig"; sourceTree = "<group>"; };
		4F11FEBC2C259DB50016D5CB /* DogsBreedDetailModel.swift */ = {isa = PBXFileReference; lastKnownFileType = sourcecode.swift; path = DogsBreedDetailModel.swift; sourceTree = "<group>"; };
		4F11FEBE2C259DCA0016D5CB /* DogsBreedDetailService.swift */ = {isa = PBXFileReference; lastKnownFileType = sourcecode.swift; path = DogsBreedDetailService.swift; sourceTree = "<group>"; };
		4F11FEC02C259DDB0016D5CB /* DogsBreedDetailProtocol.swift */ = {isa = PBXFileReference; lastKnownFileType = sourcecode.swift; path = DogsBreedDetailProtocol.swift; sourceTree = "<group>"; };
		4F11FEC22C259DF80016D5CB /* DogsBreedDetailVC.swift */ = {isa = PBXFileReference; lastKnownFileType = sourcecode.swift; path = DogsBreedDetailVC.swift; sourceTree = "<group>"; };
		4F11FEC42C259E160016D5CB /* DogsBreedDetailViewModel.swift */ = {isa = PBXFileReference; lastKnownFileType = sourcecode.swift; path = DogsBreedDetailViewModel.swift; sourceTree = "<group>"; };
		4F11FEC82C25A7280016D5CB /* DogImageCollectionViewCell.swift */ = {isa = PBXFileReference; lastKnownFileType = sourcecode.swift; path = DogImageCollectionViewCell.swift; sourceTree = "<group>"; };
		4F11FEC92C25A7280016D5CB /* DogImageCollectionViewCell.xib */ = {isa = PBXFileReference; lastKnownFileType = file.xib; path = DogImageCollectionViewCell.xib; sourceTree = "<group>"; };
		4F24A29E2C255A6400B177AB /* OpenAssignmentOxinus.app */ = {isa = PBXFileReference; explicitFileType = wrapper.application; includeInIndex = 0; path = OpenAssignmentOxinus.app; sourceTree = BUILT_PRODUCTS_DIR; };
		4F24A2A12C255A6400B177AB /* AppDelegate.swift */ = {isa = PBXFileReference; lastKnownFileType = sourcecode.swift; path = AppDelegate.swift; sourceTree = "<group>"; };
		4F24A2A82C255A6400B177AB /* Base */ = {isa = PBXFileReference; lastKnownFileType = file.storyboard; name = Base; path = Base.lproj/Main.storyboard; sourceTree = "<group>"; };
		4F24A2AA2C255A6500B177AB /* Assets.xcassets */ = {isa = PBXFileReference; lastKnownFileType = folder.assetcatalog; path = Assets.xcassets; sourceTree = "<group>"; };
		4F24A2AD2C255A6500B177AB /* Base */ = {isa = PBXFileReference; lastKnownFileType = file.storyboard; name = Base; path = Base.lproj/LaunchScreen.storyboard; sourceTree = "<group>"; };
		4F24A2AF2C255A6500B177AB /* Info.plist */ = {isa = PBXFileReference; lastKnownFileType = text.plist.xml; path = Info.plist; sourceTree = "<group>"; };
		4F24A2B42C255A6500B177AB /* OpenAssignmentOxinusTests.xctest */ = {isa = PBXFileReference; explicitFileType = wrapper.cfbundle; includeInIndex = 0; path = OpenAssignmentOxinusTests.xctest; sourceTree = BUILT_PRODUCTS_DIR; };
		4F24A2B82C255A6500B177AB /* OpenAssignmentOxinusTests.swift */ = {isa = PBXFileReference; lastKnownFileType = sourcecode.swift; path = OpenAssignmentOxinusTests.swift; sourceTree = "<group>"; };
		4F24A2BE2C255A6500B177AB /* OpenAssignmentOxinusUITests.xctest */ = {isa = PBXFileReference; explicitFileType = wrapper.cfbundle; includeInIndex = 0; path = OpenAssignmentOxinusUITests.xctest; sourceTree = BUILT_PRODUCTS_DIR; };
		4F24A2C22C255A6500B177AB /* OpenAssignmentOxinusUITests.swift */ = {isa = PBXFileReference; lastKnownFileType = sourcecode.swift; path = OpenAssignmentOxinusUITests.swift; sourceTree = "<group>"; };
		4F24A2C42C255A6500B177AB /* OpenAssignmentOxinusUITestsLaunchTests.swift */ = {isa = PBXFileReference; lastKnownFileType = sourcecode.swift; path = OpenAssignmentOxinusUITestsLaunchTests.swift; sourceTree = "<group>"; };
		4F4591E92C295C010014DEEA /* FavoriteVC.swift */ = {isa = PBXFileReference; lastKnownFileType = sourcecode.swift; path = FavoriteVC.swift; sourceTree = "<group>"; };
		4F4591EB2C2974400014DEEA /* FavoriteClass.swift */ = {isa = PBXFileReference; lastKnownFileType = sourcecode.swift; path = FavoriteClass.swift; sourceTree = "<group>"; };
		4F4591EE2C299A0E0014DEEA /* Alert.swift */ = {isa = PBXFileReference; lastKnownFileType = sourcecode.swift; path = Alert.swift; sourceTree = "<group>"; };
		4F4591F02C299AC40014DEEA /* AppStrings.swift */ = {isa = PBXFileReference; lastKnownFileType = sourcecode.swift; path = AppStrings.swift; sourceTree = "<group>"; };
		4F4591F22C299E310014DEEA /* UIColor+Additions.swift */ = {isa = PBXFileReference; fileEncoding = 4; lastKnownFileType = sourcecode.swift; path = "UIColor+Additions.swift"; sourceTree = "<group>"; };
		4FAB1FF12C255C2400A71062 /* APIManager.swift */ = {isa = PBXFileReference; fileEncoding = 4; lastKnownFileType = sourcecode.swift; path = APIManager.swift; sourceTree = "<group>"; };
		4FAB1FF22C255C2400A71062 /* Reach.swift */ = {isa = PBXFileReference; fileEncoding = 4; lastKnownFileType = sourcecode.swift; path = Reach.swift; sourceTree = "<group>"; };
		4FAB1FF82C255D3400A71062 /* DogsBreedModel.swift */ = {isa = PBXFileReference; lastKnownFileType = sourcecode.swift; path = DogsBreedModel.swift; sourceTree = "<group>"; };
		4FAB1FFA2C255D4F00A71062 /* DogsBreedService.swift */ = {isa = PBXFileReference; lastKnownFileType = sourcecode.swift; path = DogsBreedService.swift; sourceTree = "<group>"; };
		4FAB1FFC2C255D6900A71062 /* DogsBreedProtocol.swift */ = {isa = PBXFileReference; lastKnownFileType = sourcecode.swift; path = DogsBreedProtocol.swift; sourceTree = "<group>"; };
		4FAB1FFE2C255D8100A71062 /* DogsBreedVC.swift */ = {isa = PBXFileReference; lastKnownFileType = sourcecode.swift; path = DogsBreedVC.swift; sourceTree = "<group>"; };
		4FAB20002C255D9700A71062 /* DogsBreedViewModel.swift */ = {isa = PBXFileReference; lastKnownFileType = sourcecode.swift; path = DogsBreedViewModel.swift; sourceTree = "<group>"; };
		4FAB20042C25610D00A71062 /* Constants.swift */ = {isa = PBXFileReference; lastKnownFileType = sourcecode.swift; path = Constants.swift; sourceTree = "<group>"; };
		4FAB200B2C25677E00A71062 /* DogsBreedCategoryCell.swift */ = {isa = PBXFileReference; lastKnownFileType = sourcecode.swift; path = DogsBreedCategoryCell.swift; sourceTree = "<group>"; };
		4FAB200C2C25677E00A71062 /* DogsBreedCategoryCell.xib */ = {isa = PBXFileReference; lastKnownFileType = file.xib; path = DogsBreedCategoryCell.xib; sourceTree = "<group>"; };
		4FAB200F2C2567AA00A71062 /* DogsBreedSubCategoryCell.swift */ = {isa = PBXFileReference; lastKnownFileType = sourcecode.swift; path = DogsBreedSubCategoryCell.swift; sourceTree = "<group>"; };
		4FAB20102C2567AA00A71062 /* DogsBreedSubCategoryCell.xib */ = {isa = PBXFileReference; lastKnownFileType = file.xib; path = DogsBreedSubCategoryCell.xib; sourceTree = "<group>"; };
		4FAB20132C256A6D00A71062 /* APIError.swift */ = {isa = PBXFileReference; fileEncoding = 4; lastKnownFileType = sourcecode.swift; path = APIError.swift; sourceTree = "<group>"; };
		4FB8272CC817CFF38816D4D6 /* Pods-OpenAssignmentOxinus-OpenAssignmentOxinusUITests.release.xcconfig */ = {isa = PBXFileReference; includeInIndex = 1; lastKnownFileType = text.xcconfig; name = "Pods-OpenAssignmentOxinus-OpenAssignmentOxinusUITests.release.xcconfig"; path = "Target Support Files/Pods-OpenAssignmentOxinus-OpenAssignmentOxinusUITests/Pods-OpenAssignmentOxinus-OpenAssignmentOxinusUITests.release.xcconfig"; sourceTree = "<group>"; };
		655C13D65BCD736832E8DCE5 /* Pods-OpenAssignmentOxinus.debug.xcconfig */ = {isa = PBXFileReference; includeInIndex = 1; lastKnownFileType = text.xcconfig; name = "Pods-OpenAssignmentOxinus.debug.xcconfig"; path = "Target Support Files/Pods-OpenAssignmentOxinus/Pods-OpenAssignmentOxinus.debug.xcconfig"; sourceTree = "<group>"; };
		7D43D7283DD78BE03DA4B9C6 /* Pods-OpenAssignmentOxinus-OpenAssignmentOxinusUITests.debug.xcconfig */ = {isa = PBXFileReference; includeInIndex = 1; lastKnownFileType = text.xcconfig; name = "Pods-OpenAssignmentOxinus-OpenAssignmentOxinusUITests.debug.xcconfig"; path = "Target Support Files/Pods-OpenAssignmentOxinus-OpenAssignmentOxinusUITests/Pods-OpenAssignmentOxinus-OpenAssignmentOxinusUITests.debug.xcconfig"; sourceTree = "<group>"; };
		7EF3F16E003D08ACD19F380A /* Pods-OpenAssignmentOxinusTests.release.xcconfig */ = {isa = PBXFileReference; includeInIndex = 1; lastKnownFileType = text.xcconfig; name = "Pods-OpenAssignmentOxinusTests.release.xcconfig"; path = "Target Support Files/Pods-OpenAssignmentOxinusTests/Pods-OpenAssignmentOxinusTests.release.xcconfig"; sourceTree = "<group>"; };
		814552547B05F39D7B3E7816 /* Pods_OpenAssignmentOxinus.framework */ = {isa = PBXFileReference; explicitFileType = wrapper.framework; includeInIndex = 0; path = Pods_OpenAssignmentOxinus.framework; sourceTree = BUILT_PRODUCTS_DIR; };
		B3DE4BF2960000F172F589AF /* Pods_OpenAssignmentOxinus_OpenAssignmentOxinusUITests.framework */ = {isa = PBXFileReference; explicitFileType = wrapper.framework; includeInIndex = 0; path = Pods_OpenAssignmentOxinus_OpenAssignmentOxinusUITests.framework; sourceTree = BUILT_PRODUCTS_DIR; };
		E967C01F18AC3DB899B4E79D /* Pods-OpenAssignmentOxinus.release.xcconfig */ = {isa = PBXFileReference; includeInIndex = 1; lastKnownFileType = text.xcconfig; name = "Pods-OpenAssignmentOxinus.release.xcconfig"; path = "Target Support Files/Pods-OpenAssignmentOxinus/Pods-OpenAssignmentOxinus.release.xcconfig"; sourceTree = "<group>"; };
		EDBD8840514D541D38CB845F /* Pods_OpenAssignmentOxinusTests.framework */ = {isa = PBXFileReference; explicitFileType = wrapper.framework; includeInIndex = 0; path = Pods_OpenAssignmentOxinusTests.framework; sourceTree = BUILT_PRODUCTS_DIR; };
/* End PBXFileReference section */

/* Begin PBXFrameworksBuildPhase section */
		4F24A29B2C255A6400B177AB /* Frameworks */ = {
			isa = PBXFrameworksBuildPhase;
			buildActionMask = 2147483647;
			files = (
				5600E75DC6C9C531B2B38EAC /* Pods_OpenAssignmentOxinus.framework in Frameworks */,
			);
			runOnlyForDeploymentPostprocessing = 0;
		};
		4F24A2B12C255A6500B177AB /* Frameworks */ = {
			isa = PBXFrameworksBuildPhase;
			buildActionMask = 2147483647;
			files = (
				F86D35288BA6ACAB39A6EB87 /* Pods_OpenAssignmentOxinusTests.framework in Frameworks */,
			);
			runOnlyForDeploymentPostprocessing = 0;
		};
		4F24A2BB2C255A6500B177AB /* Frameworks */ = {
			isa = PBXFrameworksBuildPhase;
			buildActionMask = 2147483647;
			files = (
				F7EE665D33D71450D56A8ECC /* Pods_OpenAssignmentOxinus_OpenAssignmentOxinusUITests.framework in Frameworks */,
			);
			runOnlyForDeploymentPostprocessing = 0;
		};
/* End PBXFrameworksBuildPhase section */

/* Begin PBXGroup section */
		4F11FEBB2C259D8B0016D5CB /* DogsBreedDetail */ = {
			isa = PBXGroup;
			children = (
				4F11FEBC2C259DB50016D5CB /* DogsBreedDetailModel.swift */,
				4F11FEBE2C259DCA0016D5CB /* DogsBreedDetailService.swift */,
				4F11FEC02C259DDB0016D5CB /* DogsBreedDetailProtocol.swift */,
				4F11FEC22C259DF80016D5CB /* DogsBreedDetailVC.swift */,
				4F11FEC42C259E160016D5CB /* DogsBreedDetailViewModel.swift */,
			);
			path = DogsBreedDetail;
			sourceTree = "<group>";
		};
		4F24A2952C255A6400B177AB = {
			isa = PBXGroup;
			children = (
				4F24A2A02C255A6400B177AB /* OpenAssignmentOxinus */,
				4F24A2B72C255A6500B177AB /* OpenAssignmentOxinusTests */,
				4F24A2C12C255A6500B177AB /* OpenAssignmentOxinusUITests */,
				4F24A29F2C255A6400B177AB /* Products */,
				AB4E049D62B88021674E052E /* Pods */,
				E6FCA226F7C1C02B85553DAB /* Frameworks */,
			);
			sourceTree = "<group>";
		};
		4F24A29F2C255A6400B177AB /* Products */ = {
			isa = PBXGroup;
			children = (
				4F24A29E2C255A6400B177AB /* OpenAssignmentOxinus.app */,
				4F24A2B42C255A6500B177AB /* OpenAssignmentOxinusTests.xctest */,
				4F24A2BE2C255A6500B177AB /* OpenAssignmentOxinusUITests.xctest */,
			);
			name = Products;
			sourceTree = "<group>";
		};
		4F24A2A02C255A6400B177AB /* OpenAssignmentOxinus */ = {
			isa = PBXGroup;
			children = (
				4F4591E82C295BE30014DEEA /* Favorite */,
				4F11FEBB2C259D8B0016D5CB /* DogsBreedDetail */,
				4FAB20062C25661600A71062 /* TableViewCell */,
				4FAB1FF72C255D1900A71062 /* DogsBreed */,
				4F24A2D12C255A7300B177AB /* Network */,
				4F4591ED2C2999E50014DEEA /* Utils */,
				4F24A2A12C255A6400B177AB /* AppDelegate.swift */,
				4F24A2A72C255A6400B177AB /* Main.storyboard */,
				4F24A2AA2C255A6500B177AB /* Assets.xcassets */,
				4F24A2AC2C255A6500B177AB /* LaunchScreen.storyboard */,
				4F24A2AF2C255A6500B177AB /* Info.plist */,
				4FAB20042C25610D00A71062 /* Constants.swift */,
			);
			path = OpenAssignmentOxinus;
			sourceTree = "<group>";
		};
		4F24A2B72C255A6500B177AB /* OpenAssignmentOxinusTests */ = {
			isa = PBXGroup;
			children = (
				4F24A2B82C255A6500B177AB /* OpenAssignmentOxinusTests.swift */,
			);
			path = OpenAssignmentOxinusTests;
			sourceTree = "<group>";
		};
		4F24A2C12C255A6500B177AB /* OpenAssignmentOxinusUITests */ = {
			isa = PBXGroup;
			children = (
				4F24A2C22C255A6500B177AB /* OpenAssignmentOxinusUITests.swift */,
				4F24A2C42C255A6500B177AB /* OpenAssignmentOxinusUITestsLaunchTests.swift */,
			);
			path = OpenAssignmentOxinusUITests;
			sourceTree = "<group>";
		};
		4F24A2D12C255A7300B177AB /* Network */ = {
			isa = PBXGroup;
			children = (
				4FAB20132C256A6D00A71062 /* APIError.swift */,
				4FAB1FF12C255C2400A71062 /* APIManager.swift */,
				4FAB1FF22C255C2400A71062 /* Reach.swift */,
			);
			path = Network;
			sourceTree = "<group>";
		};
		4F4591E82C295BE30014DEEA /* Favorite */ = {
			isa = PBXGroup;
			children = (
				4F4591E92C295C010014DEEA /* FavoriteVC.swift */,
				4F4591EB2C2974400014DEEA /* FavoriteClass.swift */,
			);
			path = Favorite;
			sourceTree = "<group>";
		};
		4F4591ED2C2999E50014DEEA /* Utils */ = {
			isa = PBXGroup;
			children = (
				4F4591F22C299E310014DEEA /* UIColor+Additions.swift */,
				4F4591EE2C299A0E0014DEEA /* Alert.swift */,
				4F4591F02C299AC40014DEEA /* AppStrings.swift */,
			);
			path = Utils;
			sourceTree = "<group>";
		};
		4FAB1FF72C255D1900A71062 /* DogsBreed */ = {
			isa = PBXGroup;
			children = (
				4FAB1FF82C255D3400A71062 /* DogsBreedModel.swift */,
				4FAB1FFA2C255D4F00A71062 /* DogsBreedService.swift */,
				4FAB1FFC2C255D6900A71062 /* DogsBreedProtocol.swift */,
				4FAB1FFE2C255D8100A71062 /* DogsBreedVC.swift */,
				4FAB20002C255D9700A71062 /* DogsBreedViewModel.swift */,
			);
			path = DogsBreed;
			sourceTree = "<group>";
		};
		4FAB20062C25661600A71062 /* TableViewCell */ = {
			isa = PBXGroup;
			children = (
				4FAB200B2C25677E00A71062 /* DogsBreedCategoryCell.swift */,
				4FAB200C2C25677E00A71062 /* DogsBreedCategoryCell.xib */,
				4FAB200F2C2567AA00A71062 /* DogsBreedSubCategoryCell.swift */,
				4FAB20102C2567AA00A71062 /* DogsBreedSubCategoryCell.xib */,
				4F11FEC82C25A7280016D5CB /* DogImageCollectionViewCell.swift */,
				4F11FEC92C25A7280016D5CB /* DogImageCollectionViewCell.xib */,
			);
			path = TableViewCell;
			sourceTree = "<group>";
		};
		AB4E049D62B88021674E052E /* Pods */ = {
			isa = PBXGroup;
			children = (
				655C13D65BCD736832E8DCE5 /* Pods-OpenAssignmentOxinus.debug.xcconfig */,
				E967C01F18AC3DB899B4E79D /* Pods-OpenAssignmentOxinus.release.xcconfig */,
				7D43D7283DD78BE03DA4B9C6 /* Pods-OpenAssignmentOxinus-OpenAssignmentOxinusUITests.debug.xcconfig */,
				4FB8272CC817CFF38816D4D6 /* Pods-OpenAssignmentOxinus-OpenAssignmentOxinusUITests.release.xcconfig */,
				46CDBF57F80B1C24ABAB340D /* Pods-OpenAssignmentOxinusTests.debug.xcconfig */,
				7EF3F16E003D08ACD19F380A /* Pods-OpenAssignmentOxinusTests.release.xcconfig */,
			);
			path = Pods;
			sourceTree = "<group>";
		};
		E6FCA226F7C1C02B85553DAB /* Frameworks */ = {
			isa = PBXGroup;
			children = (
				814552547B05F39D7B3E7816 /* Pods_OpenAssignmentOxinus.framework */,
				B3DE4BF2960000F172F589AF /* Pods_OpenAssignmentOxinus_OpenAssignmentOxinusUITests.framework */,
				EDBD8840514D541D38CB845F /* Pods_OpenAssignmentOxinusTests.framework */,
			);
			name = Frameworks;
			sourceTree = "<group>";
		};
/* End PBXGroup section */

/* Begin PBXNativeTarget section */
		4F24A29D2C255A6400B177AB /* OpenAssignmentOxinus */ = {
			isa = PBXNativeTarget;
			buildConfigurationList = 4F24A2C82C255A6500B177AB /* Build configuration list for PBXNativeTarget "OpenAssignmentOxinus" */;
			buildPhases = (
				97E6D415EBBF9195A92B39F2 /* [CP] Check Pods Manifest.lock */,
				4F24A29A2C255A6400B177AB /* Sources */,
				4F24A29B2C255A6400B177AB /* Frameworks */,
				4F24A29C2C255A6400B177AB /* Resources */,
				EEFC7A67DE4757AE1DC4BF04 /* [CP] Embed Pods Frameworks */,
			);
			buildRules = (
			);
			dependencies = (
			);
			name = OpenAssignmentOxinus;
			productName = OpenAssignmentOxinus;
			productReference = 4F24A29E2C255A6400B177AB /* OpenAssignmentOxinus.app */;
			productType = "com.apple.product-type.application";
		};
		4F24A2B32C255A6500B177AB /* OpenAssignmentOxinusTests */ = {
			isa = PBXNativeTarget;
			buildConfigurationList = 4F24A2CB2C255A6500B177AB /* Build configuration list for PBXNativeTarget "OpenAssignmentOxinusTests" */;
			buildPhases = (
				D2E58163E5B3F9F9FB264E1D /* [CP] Check Pods Manifest.lock */,
				4F24A2B02C255A6500B177AB /* Sources */,
				4F24A2B12C255A6500B177AB /* Frameworks */,
				4F24A2B22C255A6500B177AB /* Resources */,
			);
			buildRules = (
			);
			dependencies = (
				4F24A2B62C255A6500B177AB /* PBXTargetDependency */,
			);
			name = OpenAssignmentOxinusTests;
			productName = OpenAssignmentOxinusTests;
			productReference = 4F24A2B42C255A6500B177AB /* OpenAssignmentOxinusTests.xctest */;
			productType = "com.apple.product-type.bundle.unit-test";
		};
		4F24A2BD2C255A6500B177AB /* OpenAssignmentOxinusUITests */ = {
			isa = PBXNativeTarget;
			buildConfigurationList = 4F24A2CE2C255A6500B177AB /* Build configuration list for PBXNativeTarget "OpenAssignmentOxinusUITests" */;
			buildPhases = (
				799893CFC1BAD61E4D29B30D /* [CP] Check Pods Manifest.lock */,
				4F24A2BA2C255A6500B177AB /* Sources */,
				4F24A2BB2C255A6500B177AB /* Frameworks */,
				4F24A2BC2C255A6500B177AB /* Resources */,
				0809287F77E4C8044255792B /* [CP] Embed Pods Frameworks */,
			);
			buildRules = (
			);
			dependencies = (
				4F24A2C02C255A6500B177AB /* PBXTargetDependency */,
			);
			name = OpenAssignmentOxinusUITests;
			productName = OpenAssignmentOxinusUITests;
			productReference = 4F24A2BE2C255A6500B177AB /* OpenAssignmentOxinusUITests.xctest */;
			productType = "com.apple.product-type.bundle.ui-testing";
		};
/* End PBXNativeTarget section */

/* Begin PBXProject section */
		4F24A2962C255A6400B177AB /* Project object */ = {
			isa = PBXProject;
			attributes = {
				BuildIndependentTargetsInParallel = 1;
				LastSwiftUpdateCheck = 1420;
				LastUpgradeCheck = 1420;
				TargetAttributes = {
					4F24A29D2C255A6400B177AB = {
						CreatedOnToolsVersion = 14.2;
					};
					4F24A2B32C255A6500B177AB = {
						CreatedOnToolsVersion = 14.2;
						TestTargetID = 4F24A29D2C255A6400B177AB;
					};
					4F24A2BD2C255A6500B177AB = {
						CreatedOnToolsVersion = 14.2;
						TestTargetID = 4F24A29D2C255A6400B177AB;
					};
				};
			};
			buildConfigurationList = 4F24A2992C255A6400B177AB /* Build configuration list for PBXProject "OpenAssignmentOxinus" */;
			compatibilityVersion = "Xcode 14.0";
			developmentRegion = en;
			hasScannedForEncodings = 0;
			knownRegions = (
				en,
				Base,
			);
			mainGroup = 4F24A2952C255A6400B177AB;
			productRefGroup = 4F24A29F2C255A6400B177AB /* Products */;
			projectDirPath = "";
			projectRoot = "";
			targets = (
				4F24A29D2C255A6400B177AB /* OpenAssignmentOxinus */,
				4F24A2B32C255A6500B177AB /* OpenAssignmentOxinusTests */,
				4F24A2BD2C255A6500B177AB /* OpenAssignmentOxinusUITests */,
			);
		};
/* End PBXProject section */

/* Begin PBXResourcesBuildPhase section */
		4F24A29C2C255A6400B177AB /* Resources */ = {
			isa = PBXResourcesBuildPhase;
			buildActionMask = 2147483647;
			files = (
				4FAB200E2C25677E00A71062 /* DogsBreedCategoryCell.xib in Resources */,
				4F24A2AE2C255A6500B177AB /* LaunchScreen.storyboard in Resources */,
				4FAB20122C2567AA00A71062 /* DogsBreedSubCategoryCell.xib in Resources */,
				4F24A2AB2C255A6500B177AB /* Assets.xcassets in Resources */,
				4F24A2A92C255A6400B177AB /* Main.storyboard in Resources */,
				4F11FECB2C25A7280016D5CB /* DogImageCollectionViewCell.xib in Resources */,
			);
			runOnlyForDeploymentPostprocessing = 0;
		};
		4F24A2B22C255A6500B177AB /* Resources */ = {
			isa = PBXResourcesBuildPhase;
			buildActionMask = 2147483647;
			files = (
			);
			runOnlyForDeploymentPostprocessing = 0;
		};
		4F24A2BC2C255A6500B177AB /* Resources */ = {
			isa = PBXResourcesBuildPhase;
			buildActionMask = 2147483647;
			files = (
			);
			runOnlyForDeploymentPostprocessing = 0;
		};
/* End PBXResourcesBuildPhase section */

/* Begin PBXShellScriptBuildPhase section */
		0809287F77E4C8044255792B /* [CP] Embed Pods Frameworks */ = {
			isa = PBXShellScriptBuildPhase;
			buildActionMask = 2147483647;
			files = (
			);
			inputFileListPaths = (
				"${PODS_ROOT}/Target Support Files/Pods-OpenAssignmentOxinus-OpenAssignmentOxinusUITests/Pods-OpenAssignmentOxinus-OpenAssignmentOxinusUITests-frameworks-${CONFIGURATION}-input-files.xcfilelist",
			);
			name = "[CP] Embed Pods Frameworks";
			outputFileListPaths = (
				"${PODS_ROOT}/Target Support Files/Pods-OpenAssignmentOxinus-OpenAssignmentOxinusUITests/Pods-OpenAssignmentOxinus-OpenAssignmentOxinusUITests-frameworks-${CONFIGURATION}-output-files.xcfilelist",
			);
			runOnlyForDeploymentPostprocessing = 0;
			shellPath = /bin/sh;
			shellScript = "\"${PODS_ROOT}/Target Support Files/Pods-OpenAssignmentOxinus-OpenAssignmentOxinusUITests/Pods-OpenAssignmentOxinus-OpenAssignmentOxinusUITests-frameworks.sh\"\n";
			showEnvVarsInLog = 0;
		};
		799893CFC1BAD61E4D29B30D /* [CP] Check Pods Manifest.lock */ = {
			isa = PBXShellScriptBuildPhase;
			buildActionMask = 2147483647;
			files = (
			);
			inputFileListPaths = (
			);
			inputPaths = (
				"${PODS_PODFILE_DIR_PATH}/Podfile.lock",
				"${PODS_ROOT}/Manifest.lock",
			);
			name = "[CP] Check Pods Manifest.lock";
			outputFileListPaths = (
			);
			outputPaths = (
				"$(DERIVED_FILE_DIR)/Pods-OpenAssignmentOxinus-OpenAssignmentOxinusUITests-checkManifestLockResult.txt",
			);
			runOnlyForDeploymentPostprocessing = 0;
			shellPath = /bin/sh;
			shellScript = "diff \"${PODS_PODFILE_DIR_PATH}/Podfile.lock\" \"${PODS_ROOT}/Manifest.lock\" > /dev/null\nif [ $? != 0 ] ; then\n    # print error to STDERR\n    echo \"error: The sandbox is not in sync with the Podfile.lock. Run 'pod install' or update your CocoaPods installation.\" >&2\n    exit 1\nfi\n# This output is used by Xcode 'outputs' to avoid re-running this script phase.\necho \"SUCCESS\" > \"${SCRIPT_OUTPUT_FILE_0}\"\n";
			showEnvVarsInLog = 0;
		};
		97E6D415EBBF9195A92B39F2 /* [CP] Check Pods Manifest.lock */ = {
			isa = PBXShellScriptBuildPhase;
			buildActionMask = 2147483647;
			files = (
			);
			inputFileListPaths = (
			);
			inputPaths = (
				"${PODS_PODFILE_DIR_PATH}/Podfile.lock",
				"${PODS_ROOT}/Manifest.lock",
			);
			name = "[CP] Check Pods Manifest.lock";
			outputFileListPaths = (
			);
			outputPaths = (
				"$(DERIVED_FILE_DIR)/Pods-OpenAssignmentOxinus-checkManifestLockResult.txt",
			);
			runOnlyForDeploymentPostprocessing = 0;
			shellPath = /bin/sh;
			shellScript = "diff \"${PODS_PODFILE_DIR_PATH}/Podfile.lock\" \"${PODS_ROOT}/Manifest.lock\" > /dev/null\nif [ $? != 0 ] ; then\n    # print error to STDERR\n    echo \"error: The sandbox is not in sync with the Podfile.lock. Run 'pod install' or update your CocoaPods installation.\" >&2\n    exit 1\nfi\n# This output is used by Xcode 'outputs' to avoid re-running this script phase.\necho \"SUCCESS\" > \"${SCRIPT_OUTPUT_FILE_0}\"\n";
			showEnvVarsInLog = 0;
		};
		D2E58163E5B3F9F9FB264E1D /* [CP] Check Pods Manifest.lock */ = {
			isa = PBXShellScriptBuildPhase;
			buildActionMask = 2147483647;
			files = (
			);
			inputFileListPaths = (
			);
			inputPaths = (
				"${PODS_PODFILE_DIR_PATH}/Podfile.lock",
				"${PODS_ROOT}/Manifest.lock",
			);
			name = "[CP] Check Pods Manifest.lock";
			outputFileListPaths = (
			);
			outputPaths = (
				"$(DERIVED_FILE_DIR)/Pods-OpenAssignmentOxinusTests-checkManifestLockResult.txt",
			);
			runOnlyForDeploymentPostprocessing = 0;
			shellPath = /bin/sh;
			shellScript = "diff \"${PODS_PODFILE_DIR_PATH}/Podfile.lock\" \"${PODS_ROOT}/Manifest.lock\" > /dev/null\nif [ $? != 0 ] ; then\n    # print error to STDERR\n    echo \"error: The sandbox is not in sync with the Podfile.lock. Run 'pod install' or update your CocoaPods installation.\" >&2\n    exit 1\nfi\n# This output is used by Xcode 'outputs' to avoid re-running this script phase.\necho \"SUCCESS\" > \"${SCRIPT_OUTPUT_FILE_0}\"\n";
			showEnvVarsInLog = 0;
		};
		EEFC7A67DE4757AE1DC4BF04 /* [CP] Embed Pods Frameworks */ = {
			isa = PBXShellScriptBuildPhase;
			buildActionMask = 2147483647;
			files = (
			);
			inputFileListPaths = (
				"${PODS_ROOT}/Target Support Files/Pods-OpenAssignmentOxinus/Pods-OpenAssignmentOxinus-frameworks-${CONFIGURATION}-input-files.xcfilelist",
			);
			name = "[CP] Embed Pods Frameworks";
			outputFileListPaths = (
				"${PODS_ROOT}/Target Support Files/Pods-OpenAssignmentOxinus/Pods-OpenAssignmentOxinus-frameworks-${CONFIGURATION}-output-files.xcfilelist",
			);
			runOnlyForDeploymentPostprocessing = 0;
			shellPath = /bin/sh;
			shellScript = "\"${PODS_ROOT}/Target Support Files/Pods-OpenAssignmentOxinus/Pods-OpenAssignmentOxinus-frameworks.sh\"\n";
			showEnvVarsInLog = 0;
		};
/* End PBXShellScriptBuildPhase section */

/* Begin PBXSourcesBuildPhase section */
		4F24A29A2C255A6400B177AB /* Sources */ = {
			isa = PBXSourcesBuildPhase;
			buildActionMask = 2147483647;
			files = (
				4F11FEBD2C259DB50016D5CB /* DogsBreedDetailModel.swift in Sources */,
				4FAB1FF32C255C2400A71062 /* APIManager.swift in Sources */,
				4F11FECA2C25A7280016D5CB /* DogImageCollectionViewCell.swift in Sources */,
				4F11FEBF2C259DCA0016D5CB /* DogsBreedDetailService.swift in Sources */,
				4F4591EC2C2974400014DEEA /* FavoriteClass.swift in Sources */,
				4FAB20112C2567AA00A71062 /* DogsBreedSubCategoryCell.swift in Sources */,
				4FAB1FFF2C255D8100A71062 /* DogsBreedVC.swift in Sources */,
				4FAB200D2C25677E00A71062 /* DogsBreedCategoryCell.swift in Sources */,
				4FAB1FF42C255C2400A71062 /* Reach.swift in Sources */,
				4FAB20012C255D9700A71062 /* DogsBreedViewModel.swift in Sources */,
				4FAB1FFD2C255D6900A71062 /* DogsBreedProtocol.swift in Sources */,
				4F24A2A22C255A6400B177AB /* AppDelegate.swift in Sources */,
				4F4591F12C299AC40014DEEA /* AppStrings.swift in Sources */,
				4FAB20052C25610D00A71062 /* Constants.swift in Sources */,
				4F11FEC12C259DDB0016D5CB /* DogsBreedDetailProtocol.swift in Sources */,
				4F4591EA2C295C010014DEEA /* FavoriteVC.swift in Sources */,
				4F4591F32C299E310014DEEA /* UIColor+Additions.swift in Sources */,
				4FAB1FFB2C255D4F00A71062 /* DogsBreedService.swift in Sources */,
				4F4591EF2C299A0E0014DEEA /* Alert.swift in Sources */,
				4F11FEC32C259DF80016D5CB /* DogsBreedDetailVC.swift in Sources */,
				4F11FEC52C259E170016D5CB /* DogsBreedDetailViewModel.swift in Sources */,
				4FAB1FF92C255D3400A71062 /* DogsBreedModel.swift in Sources */,
				4FAB20142C256A6D00A71062 /* APIError.swift in Sources */,
			);
			runOnlyForDeploymentPostprocessing = 0;
		};
		4F24A2B02C255A6500B177AB /* Sources */ = {
			isa = PBXSourcesBuildPhase;
			buildActionMask = 2147483647;
			files = (
				4F24A2B92C255A6500B177AB /* OpenAssignmentOxinusTests.swift in Sources */,
			);
			runOnlyForDeploymentPostprocessing = 0;
		};
		4F24A2BA2C255A6500B177AB /* Sources */ = {
			isa = PBXSourcesBuildPhase;
			buildActionMask = 2147483647;
			files = (
				4F24A2C32C255A6500B177AB /* OpenAssignmentOxinusUITests.swift in Sources */,
				4F24A2C52C255A6500B177AB /* OpenAssignmentOxinusUITestsLaunchTests.swift in Sources */,
			);
			runOnlyForDeploymentPostprocessing = 0;
		};
/* End PBXSourcesBuildPhase section */

/* Begin PBXTargetDependency section */
		4F24A2B62C255A6500B177AB /* PBXTargetDependency */ = {
			isa = PBXTargetDependency;
			target = 4F24A29D2C255A6400B177AB /* OpenAssignmentOxinus */;
			targetProxy = 4F24A2B52C255A6500B177AB /* PBXContainerItemProxy */;
		};
		4F24A2C02C255A6500B177AB /* PBXTargetDependency */ = {
			isa = PBXTargetDependency;
			target = 4F24A29D2C255A6400B177AB /* OpenAssignmentOxinus */;
			targetProxy = 4F24A2BF2C255A6500B177AB /* PBXContainerItemProxy */;
		};
/* End PBXTargetDependency section */

/* Begin PBXVariantGroup section */
		4F24A2A72C255A6400B177AB /* Main.storyboard */ = {
			isa = PBXVariantGroup;
			children = (
				4F24A2A82C255A6400B177AB /* Base */,
			);
			name = Main.storyboard;
			sourceTree = "<group>";
		};
		4F24A2AC2C255A6500B177AB /* LaunchScreen.storyboard */ = {
			isa = PBXVariantGroup;
			children = (
				4F24A2AD2C255A6500B177AB /* Base */,
			);
			name = LaunchScreen.storyboard;
			sourceTree = "<group>";
		};
/* End PBXVariantGroup section */

/* Begin XCBuildConfiguration section */
		4F24A2C62C255A6500B177AB /* Debug */ = {
			isa = XCBuildConfiguration;
			buildSettings = {
				ALWAYS_SEARCH_USER_PATHS = NO;
				CLANG_ANALYZER_NONNULL = YES;
				CLANG_ANALYZER_NUMBER_OBJECT_CONVERSION = YES_AGGRESSIVE;
				CLANG_CXX_LANGUAGE_STANDARD = "gnu++20";
				CLANG_ENABLE_MODULES = YES;
				CLANG_ENABLE_OBJC_ARC = YES;
				CLANG_ENABLE_OBJC_WEAK = YES;
				CLANG_WARN_BLOCK_CAPTURE_AUTORELEASING = YES;
				CLANG_WARN_BOOL_CONVERSION = YES;
				CLANG_WARN_COMMA = YES;
				CLANG_WARN_CONSTANT_CONVERSION = YES;
				CLANG_WARN_DEPRECATED_OBJC_IMPLEMENTATIONS = YES;
				CLANG_WARN_DIRECT_OBJC_ISA_USAGE = YES_ERROR;
				CLANG_WARN_DOCUMENTATION_COMMENTS = YES;
				CLANG_WARN_EMPTY_BODY = YES;
				CLANG_WARN_ENUM_CONVERSION = YES;
				CLANG_WARN_INFINITE_RECURSION = YES;
				CLANG_WARN_INT_CONVERSION = YES;
				CLANG_WARN_NON_LITERAL_NULL_CONVERSION = YES;
				CLANG_WARN_OBJC_IMPLICIT_RETAIN_SELF = YES;
				CLANG_WARN_OBJC_LITERAL_CONVERSION = YES;
				CLANG_WARN_OBJC_ROOT_CLASS = YES_ERROR;
				CLANG_WARN_QUOTED_INCLUDE_IN_FRAMEWORK_HEADER = YES;
				CLANG_WARN_RANGE_LOOP_ANALYSIS = YES;
				CLANG_WARN_STRICT_PROTOTYPES = YES;
				CLANG_WARN_SUSPICIOUS_MOVE = YES;
				CLANG_WARN_UNGUARDED_AVAILABILITY = YES_AGGRESSIVE;
				CLANG_WARN_UNREACHABLE_CODE = YES;
				CLANG_WARN__DUPLICATE_METHOD_MATCH = YES;
				COPY_PHASE_STRIP = NO;
				DEBUG_INFORMATION_FORMAT = dwarf;
				ENABLE_STRICT_OBJC_MSGSEND = YES;
				ENABLE_TESTABILITY = YES;
				GCC_C_LANGUAGE_STANDARD = gnu11;
				GCC_DYNAMIC_NO_PIC = NO;
				GCC_NO_COMMON_BLOCKS = YES;
				GCC_OPTIMIZATION_LEVEL = 0;
				GCC_PREPROCESSOR_DEFINITIONS = (
					"DEBUG=1",
					"$(inherited)",
				);
				GCC_WARN_64_TO_32_BIT_CONVERSION = YES;
				GCC_WARN_ABOUT_RETURN_TYPE = YES_ERROR;
				GCC_WARN_UNDECLARED_SELECTOR = YES;
				GCC_WARN_UNINITIALIZED_AUTOS = YES_AGGRESSIVE;
				GCC_WARN_UNUSED_FUNCTION = YES;
				GCC_WARN_UNUSED_VARIABLE = YES;
				IPHONEOS_DEPLOYMENT_TARGET = 16.2;
				MTL_ENABLE_DEBUG_INFO = INCLUDE_SOURCE;
				MTL_FAST_MATH = YES;
				ONLY_ACTIVE_ARCH = YES;
				SDKROOT = iphoneos;
				SWIFT_ACTIVE_COMPILATION_CONDITIONS = DEBUG;
				SWIFT_OPTIMIZATION_LEVEL = "-Onone";
			};
			name = Debug;
		};
		4F24A2C72C255A6500B177AB /* Release */ = {
			isa = XCBuildConfiguration;
			buildSettings = {
				ALWAYS_SEARCH_USER_PATHS = NO;
				CLANG_ANALYZER_NONNULL = YES;
				CLANG_ANALYZER_NUMBER_OBJECT_CONVERSION = YES_AGGRESSIVE;
				CLANG_CXX_LANGUAGE_STANDARD = "gnu++20";
				CLANG_ENABLE_MODULES = YES;
				CLANG_ENABLE_OBJC_ARC = YES;
				CLANG_ENABLE_OBJC_WEAK = YES;
				CLANG_WARN_BLOCK_CAPTURE_AUTORELEASING = YES;
				CLANG_WARN_BOOL_CONVERSION = YES;
				CLANG_WARN_COMMA = YES;
				CLANG_WARN_CONSTANT_CONVERSION = YES;
				CLANG_WARN_DEPRECATED_OBJC_IMPLEMENTATIONS = YES;
				CLANG_WARN_DIRECT_OBJC_ISA_USAGE = YES_ERROR;
				CLANG_WARN_DOCUMENTATION_COMMENTS = YES;
				CLANG_WARN_EMPTY_BODY = YES;
				CLANG_WARN_ENUM_CONVERSION = YES;
				CLANG_WARN_INFINITE_RECURSION = YES;
				CLANG_WARN_INT_CONVERSION = YES;
				CLANG_WARN_NON_LITERAL_NULL_CONVERSION = YES;
				CLANG_WARN_OBJC_IMPLICIT_RETAIN_SELF = YES;
				CLANG_WARN_OBJC_LITERAL_CONVERSION = YES;
				CLANG_WARN_OBJC_ROOT_CLASS = YES_ERROR;
				CLANG_WARN_QUOTED_INCLUDE_IN_FRAMEWORK_HEADER = YES;
				CLANG_WARN_RANGE_LOOP_ANALYSIS = YES;
				CLANG_WARN_STRICT_PROTOTYPES = YES;
				CLANG_WARN_SUSPICIOUS_MOVE = YES;
				CLANG_WARN_UNGUARDED_AVAILABILITY = YES_AGGRESSIVE;
				CLANG_WARN_UNREACHABLE_CODE = YES;
				CLANG_WARN__DUPLICATE_METHOD_MATCH = YES;
				COPY_PHASE_STRIP = NO;
				DEBUG_INFORMATION_FORMAT = "dwarf-with-dsym";
				ENABLE_NS_ASSERTIONS = NO;
				ENABLE_STRICT_OBJC_MSGSEND = YES;
				GCC_C_LANGUAGE_STANDARD = gnu11;
				GCC_NO_COMMON_BLOCKS = YES;
				GCC_WARN_64_TO_32_BIT_CONVERSION = YES;
				GCC_WARN_ABOUT_RETURN_TYPE = YES_ERROR;
				GCC_WARN_UNDECLARED_SELECTOR = YES;
				GCC_WARN_UNINITIALIZED_AUTOS = YES_AGGRESSIVE;
				GCC_WARN_UNUSED_FUNCTION = YES;
				GCC_WARN_UNUSED_VARIABLE = YES;
				IPHONEOS_DEPLOYMENT_TARGET = 16.2;
				MTL_ENABLE_DEBUG_INFO = NO;
				MTL_FAST_MATH = YES;
				SDKROOT = iphoneos;
				SWIFT_COMPILATION_MODE = wholemodule;
				SWIFT_OPTIMIZATION_LEVEL = "-O";
				VALIDATE_PRODUCT = YES;
			};
			name = Release;
		};
		4F24A2C92C255A6500B177AB /* Debug */ = {
			isa = XCBuildConfiguration;
			baseConfigurationReference = 655C13D65BCD736832E8DCE5 /* Pods-OpenAssignmentOxinus.debug.xcconfig */;
			buildSettings = {
				ASSETCATALOG_COMPILER_APPICON_NAME = AppIcon;
				ASSETCATALOG_COMPILER_GLOBAL_ACCENT_COLOR_NAME = AccentColor;
				CODE_SIGN_STYLE = Automatic;
				CURRENT_PROJECT_VERSION = 1;
				GENERATE_INFOPLIST_FILE = YES;
				INFOPLIST_FILE = OpenAssignmentOxinus/Info.plist;
				INFOPLIST_KEY_UIApplicationSupportsIndirectInputEvents = YES;
				INFOPLIST_KEY_UILaunchStoryboardName = LaunchScreen;
				INFOPLIST_KEY_UIMainStoryboardFile = Main;
				INFOPLIST_KEY_UISupportedInterfaceOrientations_iPad = "UIInterfaceOrientationPortrait UIInterfaceOrientationPortraitUpsideDown UIInterfaceOrientationLandscapeLeft UIInterfaceOrientationLandscapeRight";
				INFOPLIST_KEY_UISupportedInterfaceOrientations_iPhone = "UIInterfaceOrientationPortrait UIInterfaceOrientationLandscapeLeft UIInterfaceOrientationLandscapeRight";
				LD_RUNPATH_SEARCH_PATHS = (
					"$(inherited)",
					"@executable_path/Frameworks",
				);
				MARKETING_VERSION = 1.0;
				PRODUCT_BUNDLE_IDENTIFIER = demo.OpenAssignmentOxinus;
				PRODUCT_NAME = "$(TARGET_NAME)";
				SWIFT_EMIT_LOC_STRINGS = YES;
				SWIFT_VERSION = 5.0;
				TARGETED_DEVICE_FAMILY = "1,2";
			};
			name = Debug;
		};
		4F24A2CA2C255A6500B177AB /* Release */ = {
			isa = XCBuildConfiguration;
			baseConfigurationReference = E967C01F18AC3DB899B4E79D /* Pods-OpenAssignmentOxinus.release.xcconfig */;
			buildSettings = {
				ASSETCATALOG_COMPILER_APPICON_NAME = AppIcon;
				ASSETCATALOG_COMPILER_GLOBAL_ACCENT_COLOR_NAME = AccentColor;
				CODE_SIGN_STYLE = Automatic;
				CURRENT_PROJECT_VERSION = 1;
				GENERATE_INFOPLIST_FILE = YES;
				INFOPLIST_FILE = OpenAssignmentOxinus/Info.plist;
				INFOPLIST_KEY_UIApplicationSupportsIndirectInputEvents = YES;
				INFOPLIST_KEY_UILaunchStoryboardName = LaunchScreen;
				INFOPLIST_KEY_UIMainStoryboardFile = Main;
				INFOPLIST_KEY_UISupportedInterfaceOrientations_iPad = "UIInterfaceOrientationPortrait UIInterfaceOrientationPortraitUpsideDown UIInterfaceOrientationLandscapeLeft UIInterfaceOrientationLandscapeRight";
				INFOPLIST_KEY_UISupportedInterfaceOrientations_iPhone = "UIInterfaceOrientationPortrait UIInterfaceOrientationLandscapeLeft UIInterfaceOrientationLandscapeRight";
				LD_RUNPATH_SEARCH_PATHS = (
					"$(inherited)",
					"@executable_path/Frameworks",
				);
				MARKETING_VERSION = 1.0;
				PRODUCT_BUNDLE_IDENTIFIER = demo.OpenAssignmentOxinus;
				PRODUCT_NAME = "$(TARGET_NAME)";
				SWIFT_EMIT_LOC_STRINGS = YES;
				SWIFT_VERSION = 5.0;
				TARGETED_DEVICE_FAMILY = "1,2";
			};
			name = Release;
		};
		4F24A2CC2C255A6500B177AB /* Debug */ = {
			isa = XCBuildConfiguration;
			baseConfigurationReference = 46CDBF57F80B1C24ABAB340D /* Pods-OpenAssignmentOxinusTests.debug.xcconfig */;
			buildSettings = {
				ALWAYS_EMBED_SWIFT_STANDARD_LIBRARIES = YES;
				BUNDLE_LOADER = "$(TEST_HOST)";
				CODE_SIGN_STYLE = Automatic;
				CURRENT_PROJECT_VERSION = 1;
				GENERATE_INFOPLIST_FILE = YES;
				IPHONEOS_DEPLOYMENT_TARGET = 16.2;
				MARKETING_VERSION = 1.0;
				PRODUCT_BUNDLE_IDENTIFIER = demo.OpenAssignmentOxinusTests;
				PRODUCT_NAME = "$(TARGET_NAME)";
				SWIFT_EMIT_LOC_STRINGS = NO;
				SWIFT_VERSION = 5.0;
				TARGETED_DEVICE_FAMILY = "1,2";
				TEST_HOST = "$(BUILT_PRODUCTS_DIR)/OpenAssignmentOxinus.app/$(BUNDLE_EXECUTABLE_FOLDER_PATH)/OpenAssignmentOxinus";
			};
			name = Debug;
		};
		4F24A2CD2C255A6500B177AB /* Release */ = {
			isa = XCBuildConfiguration;
			baseConfigurationReference = 7EF3F16E003D08ACD19F380A /* Pods-OpenAssignmentOxinusTests.release.xcconfig */;
			buildSettings = {
				ALWAYS_EMBED_SWIFT_STANDARD_LIBRARIES = YES;
				BUNDLE_LOADER = "$(TEST_HOST)";
				CODE_SIGN_STYLE = Automatic;
				CURRENT_PROJECT_VERSION = 1;
				GENERATE_INFOPLIST_FILE = YES;
				IPHONEOS_DEPLOYMENT_TARGET = 16.2;
				MARKETING_VERSION = 1.0;
				PRODUCT_BUNDLE_IDENTIFIER = demo.OpenAssignmentOxinusTests;
				PRODUCT_NAME = "$(TARGET_NAME)";
				SWIFT_EMIT_LOC_STRINGS = NO;
				SWIFT_VERSION = 5.0;
				TARGETED_DEVICE_FAMILY = "1,2";
				TEST_HOST = "$(BUILT_PRODUCTS_DIR)/OpenAssignmentOxinus.app/$(BUNDLE_EXECUTABLE_FOLDER_PATH)/OpenAssignmentOxinus";
			};
			name = Release;
		};
		4F24A2CF2C255A6500B177AB /* Debug */ = {
			isa = XCBuildConfiguration;
			baseConfigurationReference = 7D43D7283DD78BE03DA4B9C6 /* Pods-OpenAssignmentOxinus-OpenAssignmentOxinusUITests.debug.xcconfig */;
			buildSettings = {
				ALWAYS_EMBED_SWIFT_STANDARD_LIBRARIES = YES;
				CODE_SIGN_STYLE = Automatic;
				CURRENT_PROJECT_VERSION = 1;
				GENERATE_INFOPLIST_FILE = YES;
				MARKETING_VERSION = 1.0;
				PRODUCT_BUNDLE_IDENTIFIER = demo.OpenAssignmentOxinusUITests;
				PRODUCT_NAME = "$(TARGET_NAME)";
				SWIFT_EMIT_LOC_STRINGS = NO;
				SWIFT_VERSION = 5.0;
				TARGETED_DEVICE_FAMILY = "1,2";
				TEST_TARGET_NAME = OpenAssignmentOxinus;
			};
			name = Debug;
		};
		4F24A2D02C255A6500B177AB /* Release */ = {
			isa = XCBuildConfiguration;
			baseConfigurationReference = 4FB8272CC817CFF38816D4D6 /* Pods-OpenAssignmentOxinus-OpenAssignmentOxinusUITests.release.xcconfig */;
			buildSettings = {
				ALWAYS_EMBED_SWIFT_STANDARD_LIBRARIES = YES;
				CODE_SIGN_STYLE = Automatic;
				CURRENT_PROJECT_VERSION = 1;
				GENERATE_INFOPLIST_FILE = YES;
				MARKETING_VERSION = 1.0;
				PRODUCT_BUNDLE_IDENTIFIER = demo.OpenAssignmentOxinusUITests;
				PRODUCT_NAME = "$(TARGET_NAME)";
				SWIFT_EMIT_LOC_STRINGS = NO;
				SWIFT_VERSION = 5.0;
				TARGETED_DEVICE_FAMILY = "1,2";
				TEST_TARGET_NAME = OpenAssignmentOxinus;
			};
			name = Release;
		};
/* End XCBuildConfiguration section */

/* Begin XCConfigurationList section */
		4F24A2992C255A6400B177AB /* Build configuration list for PBXProject "OpenAssignmentOxinus" */ = {
			isa = XCConfigurationList;
			buildConfigurations = (
				4F24A2C62C255A6500B177AB /* Debug */,
				4F24A2C72C255A6500B177AB /* Release */,
			);
			defaultConfigurationIsVisible = 0;
			defaultConfigurationName = Release;
		};
		4F24A2C82C255A6500B177AB /* Build configuration list for PBXNativeTarget "OpenAssignmentOxinus" */ = {
			isa = XCConfigurationList;
			buildConfigurations = (
				4F24A2C92C255A6500B177AB /* Debug */,
				4F24A2CA2C255A6500B177AB /* Release */,
			);
			defaultConfigurationIsVisible = 0;
			defaultConfigurationName = Release;
		};
		4F24A2CB2C255A6500B177AB /* Build configuration list for PBXNativeTarget "OpenAssignmentOxinusTests" */ = {
			isa = XCConfigurationList;
			buildConfigurations = (
				4F24A2CC2C255A6500B177AB /* Debug */,
				4F24A2CD2C255A6500B177AB /* Release */,
			);
			defaultConfigurationIsVisible = 0;
			defaultConfigurationName = Release;
		};
		4F24A2CE2C255A6500B177AB /* Build configuration list for PBXNativeTarget "OpenAssignmentOxinusUITests" */ = {
			isa = XCConfigurationList;
			buildConfigurations = (
				4F24A2CF2C255A6500B177AB /* Debug */,
				4F24A2D02C255A6500B177AB /* Release */,
			);
			defaultConfigurationIsVisible = 0;
			defaultConfigurationName = Release;
		};
/* End XCConfigurationList section */
	};
	rootObject = 4F24A2962C255A6400B177AB /* Project object */;
}
